Microsoft Visual Studio Solution File, Format Version 12.00
# Visual Studio Version 17
VisualStudioVersion = 17.5.2.0
MinimumVisualStudioVersion = 10.0.40219.1
Project("{FAE04EC0-301F-11D3-BF4B-00C04F79EFBC}") = "ejercicioemclase", "ejercicioemclase.csproj", "{D951665B-FD91-9FAA-4C25-E5BC10947F22}"
EndProject
Global
	GlobalSection(SolutionConfigurationPlatforms) = preSolution
		Debug|Any CPU = Debug|Any CPU
		Release|Any CPU = Release|Any CPU
	EndGlobalSection
	GlobalSection(ProjectConfigurationPlatforms) = postSolution
		{D951665B-FD91-9FAA-4C25-E5BC10947F22}.Debug|Any CPU.ActiveCfg = Debug|Any CPU
		{D951665B-FD91-9FAA-4C25-E5BC10947F22}.Debug|Any CPU.Build.0 = Debug|Any CPU
		{D951665B-FD91-9FAA-4C25-E5BC10947F22}.Release|Any CPU.ActiveCfg = Release|Any CPU
		{D951665B-FD91-9FAA-4C25-E5BC10947F22}.Release|Any CPU.Build.0 = Release|Any CPU
	EndGlobalSection
	GlobalSection(SolutionProperties) = preSolution
		HideSolutionNode = FALSE
	EndGlobalSection
	GlobalSection(ExtensibilityGlobals) = postSolution
		SolutionGuid = {3D04764C-CDF6-4398-9397-F4C09D3A71CA}
	EndGlobalSection
EndGlobal
