Microsoft Visual Studio Solution File, Format Version 12.00
# Visual Studio Version 17
VisualStudioVersion = 17.5.2.0
MinimumVisualStudioVersion = 10.0.40219.1
Project("{FAE04EC0-301F-11D3-BF4B-00C04F79EFBC}") = "ejercicioemclase3", "ejercicioemclase3.csproj", "{5792E08C-403F-5B77-D8A7-54CDFE9596D0}"
EndProject
Global
	GlobalSection(SolutionConfigurationPlatforms) = preSolution
		Debug|Any CPU = Debug|Any CPU
		Release|Any CPU = Release|Any CPU
	EndGlobalSection
	GlobalSection(ProjectConfigurationPlatforms) = postSolution
		{5792E08C-403F-5B77-D8A7-54CDFE9596D0}.Debug|Any CPU.ActiveCfg = Debug|Any CPU
		{5792E08C-403F-5B77-D8A7-54CDFE9596D0}.Debug|Any CPU.Build.0 = Debug|Any CPU
		{5792E08C-403F-5B77-D8A7-54CDFE9596D0}.Release|Any CPU.ActiveCfg = Release|Any CPU
		{5792E08C-403F-5B77-D8A7-54CDFE9596D0}.Release|Any CPU.Build.0 = Release|Any CPU
	EndGlobalSection
	GlobalSection(SolutionProperties) = preSolution
		HideSolutionNode = FALSE
	EndGlobalSection
	GlobalSection(ExtensibilityGlobals) = postSolution
		SolutionGuid = {70F9D162-5FC5-416E-9DF8-EDFA5549766F}
	EndGlobalSection
EndGlobal
